
Microsoft Visual Studio Solution File, Format Version 12.00
# Visual Studio Version 17
VisualStudioVersion = 17.0.31903.59
MinimumVisualStudioVersion = 10.0.40219.1
Project("{2150E333-8FDC-42A3-9474-1A3956D46DE8}") = "samples", "samples", "{5D20AA90-6969-D8BD-9DCD-8634F4692FDA}"
EndProject
Project("{FAE04EC0-301F-11D3-BF4B-00C04F79EFBC}") = "PixConsole", "samples\PixConsole\PixConsole.csproj", "{2ED6AE71-DDB3-4A4E-A4DC-127685FCA06C}"
EndProject
Project("{2150E333-8FDC-42A3-9474-1A3956D46DE8}") = "src", "src", "{827E0CD3-B72D-47B6-A68D-7590B98EB39B}"
EndProject
Project("{FAE04EC0-301F-11D3-BF4B-00C04F79EFBC}") = "OpenPix.Core", "src\OpenPix.Core\OpenPix.Core.csproj", "{F22550CF-56D2-4544-9302-237873D689CF}"
EndProject
Project("{2150E333-8FDC-42A3-9474-1A3956D46DE8}") = "tests", "tests", "{0AB3BF05-4346-4AA6-1389-037BE0695223}"
EndProject
Project("{FAE04EC0-301F-11D3-BF4B-00C04F79EFBC}") = "OpenPix.Tests", "tests\OpenPix.Tests\OpenPix.Tests.csproj", "{A39A799A-DA04-48B1-B07C-EFAABDF4E579}"
EndProject
Project("{FAE04EC0-301F-11D3-BF4B-00C04F79EFBC}") = "OpenPix.QRCode", "src\OpenPix.QRCode\OpenPix.QRCode.csproj", "{2579512F-1BD7-4613-A6FA-88B31024407C}"
EndProject
Project("{FAE04EC0-301F-11D3-BF4B-00C04F79EFBC}") = "OpenPix.Benchmarks", "tests\OpenPix.Benchmarks\OpenPix.Benchmarks.csproj", "{9FB90F28-59A7-4FBC-87BC-0CF013AA5812}"
EndProject
Project("{FAE04EC0-301F-11D3-BF4B-00C04F79EFBC}") = "OpenPix.AspNetCore", "src\OpenPix.AspNetCore\OpenPix.AspNetCore.csproj", "{79282DB0-62F9-4D83-9917-4DB5CAFBE76B}"
EndProject
Project("{FAE04EC0-301F-11D3-BF4B-00C04F79EFBC}") = "PixApi", "samples\PixApi\PixApi.csproj", "{1AADD915-37F8-4A9B-8E2E-6873054D27FB}"
EndProject
Global
	GlobalSection(SolutionConfigurationPlatforms) = preSolution
		Debug|Any CPU = Debug|Any CPU
		Debug|x64 = Debug|x64
		Debug|x86 = Debug|x86
		Release|Any CPU = Release|Any CPU
		Release|x64 = Release|x64
		Release|x86 = Release|x86
	EndGlobalSection
	GlobalSection(ProjectConfigurationPlatforms) = postSolution
		{2ED6AE71-DDB3-4A4E-A4DC-127685FCA06C}.Debug|Any CPU.ActiveCfg = Debug|Any CPU
		{2ED6AE71-DDB3-4A4E-A4DC-127685FCA06C}.Debug|Any CPU.Build.0 = Debug|Any CPU
		{2ED6AE71-DDB3-4A4E-A4DC-127685FCA06C}.Debug|x64.ActiveCfg = Debug|Any CPU
		{2ED6AE71-DDB3-4A4E-A4DC-127685FCA06C}.Debug|x64.Build.0 = Debug|Any CPU
		{2ED6AE71-DDB3-4A4E-A4DC-127685FCA06C}.Debug|x86.ActiveCfg = Debug|Any CPU
		{2ED6AE71-DDB3-4A4E-A4DC-127685FCA06C}.Debug|x86.Build.0 = Debug|Any CPU
		{2ED6AE71-DDB3-4A4E-A4DC-127685FCA06C}.Release|Any CPU.ActiveCfg = Release|Any CPU
		{2ED6AE71-DDB3-4A4E-A4DC-127685FCA06C}.Release|Any CPU.Build.0 = Release|Any CPU
		{2ED6AE71-DDB3-4A4E-A4DC-127685FCA06C}.Release|x64.ActiveCfg = Release|Any CPU
		{2ED6AE71-DDB3-4A4E-A4DC-127685FCA06C}.Release|x64.Build.0 = Release|Any CPU
		{2ED6AE71-DDB3-4A4E-A4DC-127685FCA06C}.Release|x86.ActiveCfg = Release|Any CPU
		{2ED6AE71-DDB3-4A4E-A4DC-127685FCA06C}.Release|x86.Build.0 = Release|Any CPU
		{F22550CF-56D2-4544-9302-237873D689CF}.Debug|Any CPU.ActiveCfg = Debug|Any CPU
		{F22550CF-56D2-4544-9302-237873D689CF}.Debug|Any CPU.Build.0 = Debug|Any CPU
		{F22550CF-56D2-4544-9302-237873D689CF}.Debug|x64.ActiveCfg = Debug|Any CPU
		{F22550CF-56D2-4544-9302-237873D689CF}.Debug|x64.Build.0 = Debug|Any CPU
		{F22550CF-56D2-4544-9302-237873D689CF}.Debug|x86.ActiveCfg = Debug|Any CPU
		{F22550CF-56D2-4544-9302-237873D689CF}.Debug|x86.Build.0 = Debug|Any CPU
		{F22550CF-56D2-4544-9302-237873D689CF}.Release|Any CPU.ActiveCfg = Release|Any CPU
		{F22550CF-56D2-4544-9302-237873D689CF}.Release|Any CPU.Build.0 = Release|Any CPU
		{F22550CF-56D2-4544-9302-237873D689CF}.Release|x64.ActiveCfg = Release|Any CPU
		{F22550CF-56D2-4544-9302-237873D689CF}.Release|x64.Build.0 = Release|Any CPU
		{F22550CF-56D2-4544-9302-237873D689CF}.Release|x86.ActiveCfg = Release|Any CPU
		{F22550CF-56D2-4544-9302-237873D689CF}.Release|x86.Build.0 = Release|Any CPU
		{A39A799A-DA04-48B1-B07C-EFAABDF4E579}.Debug|Any CPU.ActiveCfg = Debug|Any CPU
		{A39A799A-DA04-48B1-B07C-EFAABDF4E579}.Debug|Any CPU.Build.0 = Debug|Any CPU
		{A39A799A-DA04-48B1-B07C-EFAABDF4E579}.Debug|x64.ActiveCfg = Debug|Any CPU
		{A39A799A-DA04-48B1-B07C-EFAABDF4E579}.Debug|x64.Build.0 = Debug|Any CPU
		{A39A799A-DA04-48B1-B07C-EFAABDF4E579}.Debug|x86.ActiveCfg = Debug|Any CPU
		{A39A799A-DA04-48B1-B07C-EFAABDF4E579}.Debug|x86.Build.0 = Debug|Any CPU
		{A39A799A-DA04-48B1-B07C-EFAABDF4E579}.Release|Any CPU.ActiveCfg = Release|Any CPU
		{A39A799A-DA04-48B1-B07C-EFAABDF4E579}.Release|Any CPU.Build.0 = Release|Any CPU
		{A39A799A-DA04-48B1-B07C-EFAABDF4E579}.Release|x64.ActiveCfg = Release|Any CPU
		{A39A799A-DA04-48B1-B07C-EFAABDF4E579}.Release|x64.Build.0 = Release|Any CPU
		{A39A799A-DA04-48B1-B07C-EFAABDF4E579}.Release|x86.ActiveCfg = Release|Any CPU
		{A39A799A-DA04-48B1-B07C-EFAABDF4E579}.Release|x86.Build.0 = Release|Any CPU
		{2579512F-1BD7-4613-A6FA-88B31024407C}.Debug|Any CPU.ActiveCfg = Debug|Any CPU
		{2579512F-1BD7-4613-A6FA-88B31024407C}.Debug|Any CPU.Build.0 = Debug|Any CPU
		{2579512F-1BD7-4613-A6FA-88B31024407C}.Debug|x64.ActiveCfg = Debug|Any CPU
		{2579512F-1BD7-4613-A6FA-88B31024407C}.Debug|x64.Build.0 = Debug|Any CPU
		{2579512F-1BD7-4613-A6FA-88B31024407C}.Debug|x86.ActiveCfg = Debug|Any CPU
		{2579512F-1BD7-4613-A6FA-88B31024407C}.Debug|x86.Build.0 = Debug|Any CPU
		{2579512F-1BD7-4613-A6FA-88B31024407C}.Release|Any CPU.ActiveCfg = Release|Any CPU
		{2579512F-1BD7-4613-A6FA-88B31024407C}.Release|Any CPU.Build.0 = Release|Any CPU
		{2579512F-1BD7-4613-A6FA-88B31024407C}.Release|x64.ActiveCfg = Release|Any CPU
		{2579512F-1BD7-4613-A6FA-88B31024407C}.Release|x64.Build.0 = Release|Any CPU
		{2579512F-1BD7-4613-A6FA-88B31024407C}.Release|x86.ActiveCfg = Release|Any CPU
		{2579512F-1BD7-4613-A6FA-88B31024407C}.Release|x86.Build.0 = Release|Any CPU
		{9FB90F28-59A7-4FBC-87BC-0CF013AA5812}.Debug|Any CPU.ActiveCfg = Debug|Any CPU
		{9FB90F28-59A7-4FBC-87BC-0CF013AA5812}.Debug|Any CPU.Build.0 = Debug|Any CPU
		{9FB90F28-59A7-4FBC-87BC-0CF013AA5812}.Debug|x64.ActiveCfg = Debug|Any CPU
		{9FB90F28-59A7-4FBC-87BC-0CF013AA5812}.Debug|x64.Build.0 = Debug|Any CPU
		{9FB90F28-59A7-4FBC-87BC-0CF013AA5812}.Debug|x86.ActiveCfg = Debug|Any CPU
		{9FB90F28-59A7-4FBC-87BC-0CF013AA5812}.Debug|x86.Build.0 = Debug|Any CPU
		{9FB90F28-59A7-4FBC-87BC-0CF013AA5812}.Release|Any CPU.ActiveCfg = Release|Any CPU
		{9FB90F28-59A7-4FBC-87BC-0CF013AA5812}.Release|Any CPU.Build.0 = Release|Any CPU
		{9FB90F28-59A7-4FBC-87BC-0CF013AA5812}.Release|x64.ActiveCfg = Release|Any CPU
		{9FB90F28-59A7-4FBC-87BC-0CF013AA5812}.Release|x64.Build.0 = Release|Any CPU
		{9FB90F28-59A7-4FBC-87BC-0CF013AA5812}.Release|x86.ActiveCfg = Release|Any CPU
		{9FB90F28-59A7-4FBC-87BC-0CF013AA5812}.Release|x86.Build.0 = Release|Any CPU
		{79282DB0-62F9-4D83-9917-4DB5CAFBE76B}.Debug|Any CPU.ActiveCfg = Debug|Any CPU
		{79282DB0-62F9-4D83-9917-4DB5CAFBE76B}.Debug|Any CPU.Build.0 = Debug|Any CPU
		{79282DB0-62F9-4D83-9917-4DB5CAFBE76B}.Debug|x64.ActiveCfg = Debug|Any CPU
		{79282DB0-62F9-4D83-9917-4DB5CAFBE76B}.Debug|x64.Build.0 = Debug|Any CPU
		{79282DB0-62F9-4D83-9917-4DB5CAFBE76B}.Debug|x86.ActiveCfg = Debug|Any CPU
		{79282DB0-62F9-4D83-9917-4DB5CAFBE76B}.Debug|x86.Build.0 = Debug|Any CPU
		{79282DB0-62F9-4D83-9917-4DB5CAFBE76B}.Release|Any CPU.ActiveCfg = Release|Any CPU
		{79282DB0-62F9-4D83-9917-4DB5CAFBE76B}.Release|Any CPU.Build.0 = Release|Any CPU
		{79282DB0-62F9-4D83-9917-4DB5CAFBE76B}.Release|x64.ActiveCfg = Release|Any CPU
		{79282DB0-62F9-4D83-9917-4DB5CAFBE76B}.Release|x64.Build.0 = Release|Any CPU
		{79282DB0-62F9-4D83-9917-4DB5CAFBE76B}.Release|x86.ActiveCfg = Release|Any CPU
		{79282DB0-62F9-4D83-9917-4DB5CAFBE76B}.Release|x86.Build.0 = Release|Any CPU
		{1AADD915-37F8-4A9B-8E2E-6873054D27FB}.Debug|Any CPU.ActiveCfg = Debug|Any CPU
		{1AADD915-37F8-4A9B-8E2E-6873054D27FB}.Debug|Any CPU.Build.0 = Debug|Any CPU
		{1AADD915-37F8-4A9B-8E2E-6873054D27FB}.Debug|x64.ActiveCfg = Debug|Any CPU
		{1AADD915-37F8-4A9B-8E2E-6873054D27FB}.Debug|x64.Build.0 = Debug|Any CPU
		{1AADD915-37F8-4A9B-8E2E-6873054D27FB}.Debug|x86.ActiveCfg = Debug|Any CPU
		{1AADD915-37F8-4A9B-8E2E-6873054D27FB}.Debug|x86.Build.0 = Debug|Any CPU
		{1AADD915-37F8-4A9B-8E2E-6873054D27FB}.Release|Any CPU.ActiveCfg = Release|Any CPU
		{1AADD915-37F8-4A9B-8E2E-6873054D27FB}.Release|Any CPU.Build.0 = Release|Any CPU
		{1AADD915-37F8-4A9B-8E2E-6873054D27FB}.Release|x64.ActiveCfg = Release|Any CPU
		{1AADD915-37F8-4A9B-8E2E-6873054D27FB}.Release|x64.Build.0 = Release|Any CPU
		{1AADD915-37F8-4A9B-8E2E-6873054D27FB}.Release|x86.ActiveCfg = Release|Any CPU
		{1AADD915-37F8-4A9B-8E2E-6873054D27FB}.Release|x86.Build.0 = Release|Any CPU
	EndGlobalSection
	GlobalSection(SolutionProperties) = preSolution
		HideSolutionNode = FALSE
	EndGlobalSection
	GlobalSection(NestedProjects) = preSolution
		{2ED6AE71-DDB3-4A4E-A4DC-127685FCA06C} = {5D20AA90-6969-D8BD-9DCD-8634F4692FDA}
		{F22550CF-56D2-4544-9302-237873D689CF} = {827E0CD3-B72D-47B6-A68D-7590B98EB39B}
		{A39A799A-DA04-48B1-B07C-EFAABDF4E579} = {0AB3BF05-4346-4AA6-1389-037BE0695223}
		{2579512F-1BD7-4613-A6FA-88B31024407C} = {827E0CD3-B72D-47B6-A68D-7590B98EB39B}
		{9FB90F28-59A7-4FBC-87BC-0CF013AA5812} = {0AB3BF05-4346-4AA6-1389-037BE0695223}
		{79282DB0-62F9-4D83-9917-4DB5CAFBE76B} = {827E0CD3-B72D-47B6-A68D-7590B98EB39B}
		{1AADD915-37F8-4A9B-8E2E-6873054D27FB} = {5D20AA90-6969-D8BD-9DCD-8634F4692FDA}
	EndGlobalSection
EndGlobal
